# THIS IS AN AUTOGENERATED FILE. DO NOT EDIT THIS FILE DIRECTLY.
# yarn lockfile v1


chartjs@^0.3.24:
  version "0.3.24"
  resolved "https://registry.yarnpkg.com/chartjs/-/chartjs-0.3.24.tgz#3addeb5ae3606b3e89e346c27d52ca158416e93d"
  integrity sha1-Ot3rWuNgaz6J40bCfVLKFYQW6T0=

jquery@>=1.2.6, jquery@^3.3.1:
  version "3.3.1"
  resolved "https://registry.yarnpkg.com/jquery/-/jquery-3.3.1.tgz#958ce29e81c9790f31be7792df5d4d95fc57fbca"
  integrity sha512-Ubldcmxp5np52/ENotGxlLe6aGMvmF4R8S6tZjsP6Knsaxd/xp3Zrh50cG93lR6nPXyUFwzN3ZSOQI0wRJNdGg==

tablesorter@^2.31.1:
  version "2.31.1"
  resolved "https://registry.yarnpkg.com/tablesorter/-/tablesorter-2.31.1.tgz#19c550c555fad4d3814500bfd4373e8b4f972305"
  integrity sha512-xXFYMu2vc73oKNWcf+hdId1Rvtl2W3zS9pJAX0BWjJcn6zmhquXCk+kuBQzKid/Iq/T8ERPlyAJ7q0Wkgym7Sg==
  dependencies:
    jquery ">=1.2.6"
